<?xml version="1.0" encoding="utf-8"?>
<Project ToolsVersion="4.0" xmlns="http://schemas.microsoft.com/developer/msbuild/2003">
  <ItemGroup>
    <Filter Include="Source Files">
      <UniqueIdentifier>{d55d4d8e-e817-4f84-8579-f614eea310fd}</UniqueIdentifier>
      <Extensions>cpp;c;cxx;rc;def;r;odl;idl;hpj;bat</Extensions>
    </Filter>
    <Filter Include="Header Files">
      <UniqueIdentifier>{be11d921-c7f2-4321-bac2-5ca53385a516}</UniqueIdentifier>
      <Extensions>h;hpp;hxx;hm;inl</Extensions>
    </Filter>
    <Filter Include="Resource Files">
      <UniqueIdentifier>{bf123607-f581-4bf0-a92d-c1f67fc7fad0}</UniqueIdentifier>
      <Extensions>ico;cur;bmp;dlg;rc2;rct;bin;rgs;gif;jpg;jpeg;jpe</Extensions>
    </Filter>
  </ItemGroup>
  <ItemGroup>
    <ClCompile Include="..\backend\2of5.c">
      <Filter>Source Files</Filter>
    </ClCompile>
    <ClCompile Include="..\backend\auspost.c">
      <Filter>Source Files</Filter>
    </ClCompile>
    <ClCompile Include="..\backend\aztec.c">
      <Filter>Source Files</Filter>
    </ClCompile>
    <ClCompile Include="..\backend\bc412.c">
      <Filter>Source Files</Filter>
    </ClCompile>
    <ClCompile Include="..\backend\bmp.c">
      <Filter>Source Files</Filter>
    </ClCompile>
    <ClCompile Include="..\backend\codablock.c">
      <Filter>Source Files</Filter>
    </ClCompile>
    <ClCompile Include="..\backend\code.c">
      <Filter>Source Files</Filter>
    </ClCompile>
    <ClCompile Include="..\backend\code1.c">
      <Filter>Source Files</Filter>
    </ClCompile>
    <ClCompile Include="..\backend\code128.c">
      <Filter>Source Files</Filter>
    </ClCompile>
    <ClCompile Include="..\backend\code16k.c">
      <Filter>Source Files</Filter>
    </ClCompile>
    <ClCompile Include="..\backend\code49.c">
      <Filter>Source Files</Filter>
    </ClCompile>
    <ClCompile Include="..\backend\common.c">
      <Filter>Source Files</Filter>
    </ClCompile>
    <ClCompile Include="..\backend\composite.c">
      <Filter>Source Files</Filter>
    </ClCompile>
    <ClCompile Include="..\backend\dmatrix.c">
      <Filter>Source Files</Filter>
    </ClCompile>
    <ClCompile Include="..\backend\dotcode.c">
      <Filter>Source Files</Filter>
    </ClCompile>
    <ClCompile Include="..\backend\eci.c">
      <Filter>Source Files</Filter>
    </ClCompile>
    <ClCompile Include="..\backend\emf.c">
      <Filter>Source Files</Filter>
    </ClCompile>
    <ClCompile Include="..\backend\filemem.c">
      <Filter>Source Files</Filter>
    </ClCompile>
    <ClCompile Include="..\backend\general_field.c">
      <Filter>Source Files</Filter>
    </ClCompile>
    <ClCompile Include="..\backend\gif.c">
      <Filter>Source Files</Filter>
    </ClCompile>
    <ClCompile Include="..\backend\gridmtx.c">
      <Filter>Source Files</Filter>
    </ClCompile>
    <ClCompile Include="..\backend\gs1.c">
      <Filter>Source Files</Filter>
    </ClCompile>
    <ClCompile Include="..\backend\hanxin.c">
      <Filter>Source Files</Filter>
    </ClCompile>
    <ClCompile Include="..\backend\imail.c">
      <Filter>Source Files</Filter>
    </ClCompile>
    <ClCompile Include="..\backend\large.c">
      <Filter>Source Files</Filter>
    </ClCompile>
    <ClCompile Include="..\backend\library.c">
      <Filter>Source Files</Filter>
    </ClCompile>
    <ClCompile Include="..\backend\mailmark.c">
      <Filter>Source Files</Filter>
    </ClCompile>
    <ClCompile Include="..\backend\maxicode.c">
      <Filter>Source Files</Filter>
    </ClCompile>
    <ClCompile Include="..\backend\medical.c">
      <Filter>Source Files</Filter>
    </ClCompile>
    <ClCompile Include="..\backend\output.c">
      <Filter>Source Files</Filter>
    </ClCompile>
    <ClCompile Include="..\backend\pcx.c">
      <Filter>Source Files</Filter>
    </ClCompile>
    <ClCompile Include="..\backend\pdf417.c">
      <Filter>Source Files</Filter>
    </ClCompile>
    <ClCompile Include="..\backend\plessey.c">
      <Filter>Source Files</Filter>
    </ClCompile>
    <ClCompile Include="..\backend\png.c">
      <Filter>Source Files</Filter>
    </ClCompile>
    <ClCompile Include="..\backend\postal.c">
      <Filter>Source Files</Filter>
    </ClCompile>
    <ClCompile Include="..\backend\ps.c">
      <Filter>Source Files</Filter>
    </ClCompile>
    <ClCompile Include="..\backend\qr.c">
      <Filter>Source Files</Filter>
    </ClCompile>
    <ClCompile Include="..\backend\raster.c">
      <Filter>Source Files</Filter>
    </ClCompile>
    <ClCompile Include="..\backend\reedsol.c">
      <Filter>Source Files</Filter>
    </ClCompile>
    <ClCompile Include="..\backend\rss.c">
      <Filter>Source Files</Filter>
    </ClCompile>
    <ClCompile Include="..\backend\svg.c">
      <Filter>Source Files</Filter>
    </ClCompile>
    <ClCompile Include="..\backend\telepen.c">
      <Filter>Source Files</Filter>
    </ClCompile>
    <ClCompile Include="..\backend\tif.c">
      <Filter>Source Files</Filter>
    </ClCompile>
    <ClCompile Include="..\backend\ultra.c">
      <Filter>Source Files</Filter>
    </ClCompile>
    <ClCompile Include="..\backend\upcean.c">
      <Filter>Source Files</Filter>
    </ClCompile>
    <ClCompile Include="..\backend\vector.c">
      <Filter>Source Files</Filter>
    </ClCompile>
    <ClCompile Include="zint.c">
      <Filter>Source Files</Filter>
    </ClCompile>
    <ClCompile Include="..\backend\dxfilmedge.c">
      <Filter>Source Files</Filter>
    </ClCompile>
    <ClCompile Include="..\backend\codabar.c">
      <Filter>Source Files</Filter>
    </ClCompile>
    <ClCompile Include="..\backend\channel.c">
      <Filter>Source Files</Filter>
    </ClCompile>
    <ClCompile Include="..\backend\2of5inter.c">
      <Filter>Source Files</Filter>
    </ClCompile>
    <ClCompile Include="..\backend\code11.c">
      <Filter>Source Files</Filter>
    </ClCompile>
    <ClCompile Include="..\backend\code128_based.c">
      <Filter>Source Files</Filter>
    </ClCompile>
    <ClCompile Include="..\backend\2of5inter_based.c">
      <Filter>Source Files</Filter>
    </ClCompile>
  </ItemGroup>
</Project>